
Microsoft Visual Studio Solution File, Format Version 12.00
# Visual Studio Version 16
VisualStudioVersion = 16.0.30330.147
MinimumVisualStudioVersion = 10.0.40219.1
Project("{9092AA53-FB77-4645-B42D-1CCCA6BD08BD}") = "DearUG", "DearUG\DearUG.njsproj", "{B02D1EEF-F8FD-4B92-89EE-1114751647C8}"
EndProject
Global
	GlobalSection(SolutionConfigurationPlatforms) = preSolution
		Debug|Any CPU = Debug|Any CPU
		Release|Any CPU = Release|Any CPU
	EndGlobalSection
	GlobalSection(ProjectConfigurationPlatforms) = postSolution
		{B02D1EEF-F8FD-4B92-89EE-1114751647C8}.Debug|Any CPU.ActiveCfg = Debug|Any CPU
		{B02D1EEF-F8FD-4B92-89EE-1114751647C8}.Debug|Any CPU.Build.0 = Debug|Any CPU
		{B02D1EEF-F8FD-4B92-89EE-1114751647C8}.Release|Any CPU.ActiveCfg = Release|Any CPU
		{B02D1EEF-F8FD-4B92-89EE-1114751647C8}.Release|Any CPU.Build.0 = Release|Any CPU
	EndGlobalSection
	GlobalSection(SolutionProperties) = preSolution
		HideSolutionNode = FALSE
	EndGlobalSection
	GlobalSection(ExtensibilityGlobals) = postSolution
		SolutionGuid = {1C285911-03C9-418A-83BE-42A4DDD455CA}
	EndGlobalSection
EndGlobal
